
Microsoft Visual Studio Solution File, Format Version 12.00
# Visual Studio 15
VisualStudioVersion = 15.0.28307.168
MinimumVisualStudioVersion = 10.0.40219.1
Project("{8BC9CEB8-8B4A-11D0-8D11-00A0C91BC942}") = "Chapter1.11 헤더파일만들기", "Chapter1.11 헤더파일만들기\Chapter1.11 헤더파일만들기.vcxproj", "{BDFFE8C4-445F-4B5B-8221-804B41920472}"
EndProject
Project("{8BC9CEB8-8B4A-11D0-8D11-00A0C91BC942}") = "Chapter1.12헤더 가드가 필요한 이유", "Chapter1.12헤더 가드가 필요한 이유\Chapter1.12헤더 가드가 필요한 이유.vcxproj", "{4BE13A17-FEE6-48C7-AA92-0A0E170D19F5}"
EndProject
Project("{8BC9CEB8-8B4A-11D0-8D11-00A0C91BC942}") = "Chapter1.14전처리기와의 만남", "Chapter1.14전처리기와의 만남\Chapter1.14전처리기와의 만남.vcxproj", "{F228C8D6-B1D2-44F2-9019-5E8B11818EAB}"
EndProject
Project("{8BC9CEB8-8B4A-11D0-8D11-00A0C91BC942}") = "Chapter2.5", "Chapter2.5\Chapter2.5.vcxproj", "{8EA68793-EE23-432E-BD23-9845F477B088}"
EndProject
Project("{8BC9CEB8-8B4A-11D0-8D11-00A0C91BC942}") = "Chapter2.8", "Chapter2.8\Chapter2.8.vcxproj", "{DA5DD77C-13DA-4DF7-8DE4-0CA8B408B4E2}"
EndProject
Project("{8BC9CEB8-8B4A-11D0-8D11-00A0C91BC942}") = "Chapter2.9", "Chapter2.9\Chapter2.9.vcxproj", "{0784EB48-5EC8-4715-81B5-E497EAD06986}"
EndProject
Project("{8BC9CEB8-8B4A-11D0-8D11-00A0C91BC942}") = "Chapter3.4", "3.4\3.4.vcxproj", "{00D7D41B-4DC9-403F-8856-CFDE5B7F2CC1}"
EndProject
Project("{8BC9CEB8-8B4A-11D0-8D11-00A0C91BC942}") = "Chapter3.9", "Chapter3.9\Chapter3.9.vcxproj", "{23E03624-37EB-48C7-929A-3C40DF25076B}"
EndProject
Global
	GlobalSection(SolutionConfigurationPlatforms) = preSolution
		Debug|x64 = Debug|x64
		Debug|x86 = Debug|x86
		Release|x64 = Release|x64
		Release|x86 = Release|x86
	EndGlobalSection
	GlobalSection(ProjectConfigurationPlatforms) = postSolution
		{BDFFE8C4-445F-4B5B-8221-804B41920472}.Debug|x64.ActiveCfg = Debug|x64
		{BDFFE8C4-445F-4B5B-8221-804B41920472}.Debug|x64.Build.0 = Debug|x64
		{BDFFE8C4-445F-4B5B-8221-804B41920472}.Debug|x86.ActiveCfg = Debug|Win32
		{BDFFE8C4-445F-4B5B-8221-804B41920472}.Debug|x86.Build.0 = Debug|Win32
		{BDFFE8C4-445F-4B5B-8221-804B41920472}.Release|x64.ActiveCfg = Release|x64
		{BDFFE8C4-445F-4B5B-8221-804B41920472}.Release|x64.Build.0 = Release|x64
		{BDFFE8C4-445F-4B5B-8221-804B41920472}.Release|x86.ActiveCfg = Release|Win32
		{BDFFE8C4-445F-4B5B-8221-804B41920472}.Release|x86.Build.0 = Release|Win32
		{4BE13A17-FEE6-48C7-AA92-0A0E170D19F5}.Debug|x64.ActiveCfg = Debug|x64
		{4BE13A17-FEE6-48C7-AA92-0A0E170D19F5}.Debug|x64.Build.0 = Debug|x64
		{4BE13A17-FEE6-48C7-AA92-0A0E170D19F5}.Debug|x86.ActiveCfg = Debug|Win32
		{4BE13A17-FEE6-48C7-AA92-0A0E170D19F5}.Debug|x86.Build.0 = Debug|Win32
		{4BE13A17-FEE6-48C7-AA92-0A0E170D19F5}.Release|x64.ActiveCfg = Release|x64
		{4BE13A17-FEE6-48C7-AA92-0A0E170D19F5}.Release|x64.Build.0 = Release|x64
		{4BE13A17-FEE6-48C7-AA92-0A0E170D19F5}.Release|x86.ActiveCfg = Release|Win32
		{4BE13A17-FEE6-48C7-AA92-0A0E170D19F5}.Release|x86.Build.0 = Release|Win32
		{F228C8D6-B1D2-44F2-9019-5E8B11818EAB}.Debug|x64.ActiveCfg = Debug|x64
		{F228C8D6-B1D2-44F2-9019-5E8B11818EAB}.Debug|x64.Build.0 = Debug|x64
		{F228C8D6-B1D2-44F2-9019-5E8B11818EAB}.Debug|x86.ActiveCfg = Debug|Win32
		{F228C8D6-B1D2-44F2-9019-5E8B11818EAB}.Debug|x86.Build.0 = Debug|Win32
		{F228C8D6-B1D2-44F2-9019-5E8B11818EAB}.Release|x64.ActiveCfg = Release|x64
		{F228C8D6-B1D2-44F2-9019-5E8B11818EAB}.Release|x64.Build.0 = Release|x64
		{F228C8D6-B1D2-44F2-9019-5E8B11818EAB}.Release|x86.ActiveCfg = Release|Win32
		{F228C8D6-B1D2-44F2-9019-5E8B11818EAB}.Release|x86.Build.0 = Release|Win32
		{8EA68793-EE23-432E-BD23-9845F477B088}.Debug|x64.ActiveCfg = Debug|x64
		{8EA68793-EE23-432E-BD23-9845F477B088}.Debug|x64.Build.0 = Debug|x64
		{8EA68793-EE23-432E-BD23-9845F477B088}.Debug|x86.ActiveCfg = Debug|Win32
		{8EA68793-EE23-432E-BD23-9845F477B088}.Debug|x86.Build.0 = Debug|Win32
		{8EA68793-EE23-432E-BD23-9845F477B088}.Release|x64.ActiveCfg = Release|x64
		{8EA68793-EE23-432E-BD23-9845F477B088}.Release|x64.Build.0 = Release|x64
		{8EA68793-EE23-432E-BD23-9845F477B088}.Release|x86.ActiveCfg = Release|Win32
		{8EA68793-EE23-432E-BD23-9845F477B088}.Release|x86.Build.0 = Release|Win32
		{DA5DD77C-13DA-4DF7-8DE4-0CA8B408B4E2}.Debug|x64.ActiveCfg = Debug|x64
		{DA5DD77C-13DA-4DF7-8DE4-0CA8B408B4E2}.Debug|x64.Build.0 = Debug|x64
		{DA5DD77C-13DA-4DF7-8DE4-0CA8B408B4E2}.Debug|x86.ActiveCfg = Debug|Win32
		{DA5DD77C-13DA-4DF7-8DE4-0CA8B408B4E2}.Debug|x86.Build.0 = Debug|Win32
		{DA5DD77C-13DA-4DF7-8DE4-0CA8B408B4E2}.Release|x64.ActiveCfg = Release|x64
		{DA5DD77C-13DA-4DF7-8DE4-0CA8B408B4E2}.Release|x64.Build.0 = Release|x64
		{DA5DD77C-13DA-4DF7-8DE4-0CA8B408B4E2}.Release|x86.ActiveCfg = Release|Win32
		{DA5DD77C-13DA-4DF7-8DE4-0CA8B408B4E2}.Release|x86.Build.0 = Release|Win32
		{0784EB48-5EC8-4715-81B5-E497EAD06986}.Debug|x64.ActiveCfg = Debug|x64
		{0784EB48-5EC8-4715-81B5-E497EAD06986}.Debug|x64.Build.0 = Debug|x64
		{0784EB48-5EC8-4715-81B5-E497EAD06986}.Debug|x86.ActiveCfg = Debug|Win32
		{0784EB48-5EC8-4715-81B5-E497EAD06986}.Debug|x86.Build.0 = Debug|Win32
		{0784EB48-5EC8-4715-81B5-E497EAD06986}.Release|x64.ActiveCfg = Release|x64
		{0784EB48-5EC8-4715-81B5-E497EAD06986}.Release|x64.Build.0 = Release|x64
		{0784EB48-5EC8-4715-81B5-E497EAD06986}.Release|x86.ActiveCfg = Release|Win32
		{0784EB48-5EC8-4715-81B5-E497EAD06986}.Release|x86.Build.0 = Release|Win32
		{00D7D41B-4DC9-403F-8856-CFDE5B7F2CC1}.Debug|x64.ActiveCfg = Debug|x64
		{00D7D41B-4DC9-403F-8856-CFDE5B7F2CC1}.Debug|x64.Build.0 = Debug|x64
		{00D7D41B-4DC9-403F-8856-CFDE5B7F2CC1}.Debug|x86.ActiveCfg = Debug|Win32
		{00D7D41B-4DC9-403F-8856-CFDE5B7F2CC1}.Debug|x86.Build.0 = Debug|Win32
		{00D7D41B-4DC9-403F-8856-CFDE5B7F2CC1}.Release|x64.ActiveCfg = Release|x64
		{00D7D41B-4DC9-403F-8856-CFDE5B7F2CC1}.Release|x64.Build.0 = Release|x64
		{00D7D41B-4DC9-403F-8856-CFDE5B7F2CC1}.Release|x86.ActiveCfg = Release|Win32
		{00D7D41B-4DC9-403F-8856-CFDE5B7F2CC1}.Release|x86.Build.0 = Release|Win32
		{23E03624-37EB-48C7-929A-3C40DF25076B}.Debug|x64.ActiveCfg = Debug|x64
		{23E03624-37EB-48C7-929A-3C40DF25076B}.Debug|x64.Build.0 = Debug|x64
		{23E03624-37EB-48C7-929A-3C40DF25076B}.Debug|x86.ActiveCfg = Debug|Win32
		{23E03624-37EB-48C7-929A-3C40DF25076B}.Debug|x86.Build.0 = Debug|Win32
		{23E03624-37EB-48C7-929A-3C40DF25076B}.Release|x64.ActiveCfg = Release|x64
		{23E03624-37EB-48C7-929A-3C40DF25076B}.Release|x64.Build.0 = Release|x64
		{23E03624-37EB-48C7-929A-3C40DF25076B}.Release|x86.ActiveCfg = Release|Win32
		{23E03624-37EB-48C7-929A-3C40DF25076B}.Release|x86.Build.0 = Release|Win32
	EndGlobalSection
	GlobalSection(SolutionProperties) = preSolution
		HideSolutionNode = FALSE
	EndGlobalSection
	GlobalSection(ExtensibilityGlobals) = postSolution
		SolutionGuid = {5ED56FFE-DD64-416C-82DF-0951245AE5A8}
	EndGlobalSection
EndGlobal
