
Microsoft Visual Studio Solution File, Format Version 12.00
# Visual Studio 15
VisualStudioVersion = 15.0.28307.168
MinimumVisualStudioVersion = 10.0.40219.1
Project("{8BC9CEB8-8B4A-11D0-8D11-00A0C91BC942}") = "Chapter1.11 헤더파일만들기", "Chapter1.11 헤더파일만들기\Chapter1.11 헤더파일만들기.vcxproj", "{BDFFE8C4-445F-4B5B-8221-804B41920472}"
EndProject
Project("{8BC9CEB8-8B4A-11D0-8D11-00A0C91BC942}") = "Chapter1.12헤더 가드가 필요한 이유", "Chapter1.12헤더 가드가 필요한 이유\Chapter1.12헤더 가드가 필요한 이유.vcxproj", "{4BE13A17-FEE6-48C7-AA92-0A0E170D19F5}"
EndProject
Project("{8BC9CEB8-8B4A-11D0-8D11-00A0C91BC942}") = "Chapter1.14전처리기와의 만남", "Chapter1.14전처리기와의 만남\Chapter1.14전처리기와의 만남.vcxproj", "{F228C8D6-B1D2-44F2-9019-5E8B11818EAB}"
EndProject
Global
	GlobalSection(SolutionConfigurationPlatforms) = preSolution
		Debug|x64 = Debug|x64
		Debug|x86 = Debug|x86
		Release|x64 = Release|x64
		Release|x86 = Release|x86
	EndGlobalSection
	GlobalSection(ProjectConfigurationPlatforms) = postSolution
		{BDFFE8C4-445F-4B5B-8221-804B41920472}.Debug|x64.ActiveCfg = Debug|x64
		{BDFFE8C4-445F-4B5B-8221-804B41920472}.Debug|x64.Build.0 = Debug|x64
		{BDFFE8C4-445F-4B5B-8221-804B41920472}.Debug|x86.ActiveCfg = Debug|Win32
		{BDFFE8C4-445F-4B5B-8221-804B41920472}.Debug|x86.Build.0 = Debug|Win32
		{BDFFE8C4-445F-4B5B-8221-804B41920472}.Release|x64.ActiveCfg = Release|x64
		{BDFFE8C4-445F-4B5B-8221-804B41920472}.Release|x64.Build.0 = Release|x64
		{BDFFE8C4-445F-4B5B-8221-804B41920472}.Release|x86.ActiveCfg = Release|Win32
		{BDFFE8C4-445F-4B5B-8221-804B41920472}.Release|x86.Build.0 = Release|Win32
		{4BE13A17-FEE6-48C7-AA92-0A0E170D19F5}.Debug|x64.ActiveCfg = Debug|x64
		{4BE13A17-FEE6-48C7-AA92-0A0E170D19F5}.Debug|x64.Build.0 = Debug|x64
		{4BE13A17-FEE6-48C7-AA92-0A0E170D19F5}.Debug|x86.ActiveCfg = Debug|Win32
		{4BE13A17-FEE6-48C7-AA92-0A0E170D19F5}.Debug|x86.Build.0 = Debug|Win32
		{4BE13A17-FEE6-48C7-AA92-0A0E170D19F5}.Release|x64.ActiveCfg = Release|x64
		{4BE13A17-FEE6-48C7-AA92-0A0E170D19F5}.Release|x64.Build.0 = Release|x64
		{4BE13A17-FEE6-48C7-AA92-0A0E170D19F5}.Release|x86.ActiveCfg = Release|Win32
		{4BE13A17-FEE6-48C7-AA92-0A0E170D19F5}.Release|x86.Build.0 = Release|Win32
		{F228C8D6-B1D2-44F2-9019-5E8B11818EAB}.Debug|x64.ActiveCfg = Debug|x64
		{F228C8D6-B1D2-44F2-9019-5E8B11818EAB}.Debug|x64.Build.0 = Debug|x64
		{F228C8D6-B1D2-44F2-9019-5E8B11818EAB}.Debug|x86.ActiveCfg = Debug|Win32
		{F228C8D6-B1D2-44F2-9019-5E8B11818EAB}.Debug|x86.Build.0 = Debug|Win32
		{F228C8D6-B1D2-44F2-9019-5E8B11818EAB}.Release|x64.ActiveCfg = Release|x64
		{F228C8D6-B1D2-44F2-9019-5E8B11818EAB}.Release|x64.Build.0 = Release|x64
		{F228C8D6-B1D2-44F2-9019-5E8B11818EAB}.Release|x86.ActiveCfg = Release|Win32
		{F228C8D6-B1D2-44F2-9019-5E8B11818EAB}.Release|x86.Build.0 = Release|Win32
	EndGlobalSection
	GlobalSection(SolutionProperties) = preSolution
		HideSolutionNode = FALSE
	EndGlobalSection
	GlobalSection(ExtensibilityGlobals) = postSolution
		SolutionGuid = {5ED56FFE-DD64-416C-82DF-0951245AE5A8}
	EndGlobalSection
EndGlobal
